
Microsoft Visual Studio Solution File, Format Version 12.00
# Visual Studio Version 17
VisualStudioVersion = 17.6.33829.357
MinimumVisualStudioVersion = 10.0.40219.1
Project("{9A19103F-16F7-4668-BE54-9A1E7A4F7556}") = "MyConsoleApp", "MyConsoleApp\MyConsoleApp.csproj", "{2D0F69E0-75AA-410E-9D6D-807A48185361}"
EndProject
Global
	GlobalSection(SolutionConfigurationPlatforms) = preSolution
		Debug|Any CPU = Debug|Any CPU
		Release|Any CPU = Release|Any CPU
	EndGlobalSection
	GlobalSection(ProjectConfigurationPlatforms) = postSolution
		{2D0F69E0-75AA-410E-9D6D-807A48185361}.Debug|Any CPU.ActiveCfg = Debug|Any CPU
		{2D0F69E0-75AA-410E-9D6D-807A48185361}.Debug|Any CPU.Build.0 = Debug|Any CPU
		{2D0F69E0-75AA-410E-9D6D-807A48185361}.Release|Any CPU.ActiveCfg = Release|Any CPU
		{2D0F69E0-75AA-410E-9D6D-807A48185361}.Release|Any CPU.Build.0 = Release|Any CPU
	EndGlobalSection
	GlobalSection(SolutionProperties) = preSolution
		HideSolutionNode = FALSE
	EndGlobalSection
	GlobalSection(ExtensibilityGlobals) = postSolution
		SolutionGuid = {DAF69616-0312-4DD1-8B27-9B48D91A3A29}
	EndGlobalSection
EndGlobal
